
Microsoft Visual Studio Solution File, Format Version 12.00
# Visual Studio 2013
VisualStudioVersion = 12.0.30501.0
MinimumVisualStudioVersion = 10.0.40219.1
Project("{FAE04EC0-301F-11D3-BF4B-00C04F79EFBC}") = "IrcClient-csharp", "IrcClient-csharp\IrcClient-csharp.csproj", "{B01150DB-641E-4F3A-8D14-C094DEDED1E8}"
EndProject
Project("{FAE04EC0-301F-11D3-BF4B-00C04F79EFBC}") = "ClientDemo", "ClientDemo\ClientDemo.csproj", "{84AD3167-C212-4A6D-9194-1BBFAF57F3EE}"
EndProject
Global
	GlobalSection(SolutionConfigurationPlatforms) = preSolution
		Debug|Any CPU = Debug|Any CPU
		Release|Any CPU = Release|Any CPU
	EndGlobalSection
	GlobalSection(ProjectConfigurationPlatforms) = postSolution
		{B01150DB-641E-4F3A-8D14-C094DEDED1E8}.Debug|Any CPU.ActiveCfg = Debug|Any CPU
		{B01150DB-641E-4F3A-8D14-C094DEDED1E8}.Debug|Any CPU.Build.0 = Debug|Any CPU
		{B01150DB-641E-4F3A-8D14-C094DEDED1E8}.Release|Any CPU.ActiveCfg = Release|Any CPU
		{B01150DB-641E-4F3A-8D14-C094DEDED1E8}.Release|Any CPU.Build.0 = Release|Any CPU
		{84AD3167-C212-4A6D-9194-1BBFAF57F3EE}.Debug|Any CPU.ActiveCfg = Debug|Any CPU
		{84AD3167-C212-4A6D-9194-1BBFAF57F3EE}.Debug|Any CPU.Build.0 = Debug|Any CPU
		{84AD3167-C212-4A6D-9194-1BBFAF57F3EE}.Release|Any CPU.ActiveCfg = Release|Any CPU
		{84AD3167-C212-4A6D-9194-1BBFAF57F3EE}.Release|Any CPU.Build.0 = Release|Any CPU
	EndGlobalSection
	GlobalSection(SolutionProperties) = preSolution
		HideSolutionNode = FALSE
	EndGlobalSection
EndGlobal
